// !$*UTF8*$!
{
	archiveVersion = 1;
	classes = {
	};
	objectVersion = 46;
	objects = {
/* Begin PBXBuildFile section */
		1D3623260D0F684500981E51 /* AppDelegate.m in Sources */ = {isa = PBXBuildFile; fileRef = 1D3623250D0F684500981E51 /* AppDelegate.m */; };
		1D60589B0D05DD56006BFB54 /* main.m in Sources */ = {isa = PBXBuildFile; fileRef = 29B97316FDCFA39411CA2CEA /* main.m */; };
		288765FD0DF74451002DB57D /* CoreGraphics.framework in Frameworks */ = {isa = PBXBuildFile; fileRef = 288765FC0DF74451002DB57D /* CoreGraphics.framework */; };
		301BF552109A68D80062928A /* libCordova.a in Frameworks */ = {isa = PBXBuildFile; fileRef = 301BF535109A57CC0062928A /* libCordova.a */; };
		302D95F114D2391D003F00A1 /* MainViewController.m in Sources */ = {isa = PBXBuildFile; fileRef = 302D95EF14D2391D003F00A1 /* MainViewController.m */; };
		302D95F214D2391D003F00A1 /* MainViewController.xib in Resources */ = {isa = PBXBuildFile; fileRef = 302D95F014D2391D003F00A1 /* MainViewController.xib */; };
		305D5FD1115AB8F900A74A75 /* MobileCoreServices.framework in Frameworks */ = {isa = PBXBuildFile; fileRef = 305D5FD0115AB8F900A74A75 /* MobileCoreServices.framework */; };
		3088BBBD154F3926009F9C59 /* Default-Landscape@2x~ipad.png in Resources */ = {isa = PBXBuildFile; fileRef = 3088BBB7154F3926009F9C59 /* Default-Landscape@2x~ipad.png */; };
		3088BBBE154F3926009F9C59 /* Default-Landscape~ipad.png in Resources */ = {isa = PBXBuildFile; fileRef = 3088BBB8154F3926009F9C59 /* Default-Landscape~ipad.png */; };
		3088BBBF154F3926009F9C59 /* Default-Portrait@2x~ipad.png in Resources */ = {isa = PBXBuildFile; fileRef = 3088BBB9154F3926009F9C59 /* Default-Portrait@2x~ipad.png */; };
		3088BBC0154F3926009F9C59 /* Default-Portrait~ipad.png in Resources */ = {isa = PBXBuildFile; fileRef = 3088BBBA154F3926009F9C59 /* Default-Portrait~ipad.png */; };
		3088BBC1154F3926009F9C59 /* Default@2x~iphone.png in Resources */ = {isa = PBXBuildFile; fileRef = 3088BBBB154F3926009F9C59 /* Default@2x~iphone.png */; };
		3088BBC2154F3926009F9C59 /* Default~iphone.png in Resources */ = {isa = PBXBuildFile; fileRef = 3088BBBC154F3926009F9C59 /* Default~iphone.png */; };
		308D05371370CCF300D202BF /* icon-72.png in Resources */ = {isa = PBXBuildFile; fileRef = 308D052E1370CCF300D202BF /* icon-72.png */; };
		308D05381370CCF300D202BF /* icon.png in Resources */ = {isa = PBXBuildFile; fileRef = 308D052F1370CCF300D202BF /* icon.png */; };
		308D05391370CCF300D202BF /* icon@2x.png in Resources */ = {isa = PBXBuildFile; fileRef = 308D05301370CCF300D202BF /* icon@2x.png */; };
		30B4F30019D5E07200D9F7D8 /* Default-667h.png in Resources */ = {isa = PBXBuildFile; fileRef = 30B4F2FD19D5E07200D9F7D8 /* Default-667h.png */; };
		30B4F30119D5E07200D9F7D8 /* Default-736h.png in Resources */ = {isa = PBXBuildFile; fileRef = 30B4F2FE19D5E07200D9F7D8 /* Default-736h.png */; };
		30B4F30219D5E07200D9F7D8 /* Default-Landscape-736h.png in Resources */ = {isa = PBXBuildFile; fileRef = 30B4F2FF19D5E07200D9F7D8 /* Default-Landscape-736h.png */; };
		30C1856619D5FC0A00212699 /* icon-60@3x.png in Resources */ = {isa = PBXBuildFile; fileRef = 30C1856519D5FC0A00212699 /* icon-60@3x.png */; };
		30FC414916E50CA1004E6F35 /* icon-72@2x.png in Resources */ = {isa = PBXBuildFile; fileRef = 30FC414816E50CA1004E6F35 /* icon-72@2x.png */; };
		5B1594DD16A7569C00FEF299 /* AssetsLibrary.framework in Frameworks */ = {isa = PBXBuildFile; fileRef = 5B1594DC16A7569C00FEF299 /* AssetsLibrary.framework */; };
		7E7966DE1810823500FA85AD /* icon-40.png in Resources */ = {isa = PBXBuildFile; fileRef = 7E7966D41810823500FA85AD /* icon-40.png */; };
		7E7966DF1810823500FA85AD /* icon-40@2x.png in Resources */ = {isa = PBXBuildFile; fileRef = 7E7966D51810823500FA85AD /* icon-40@2x.png */; };
		7E7966E01810823500FA85AD /* icon-50.png in Resources */ = {isa = PBXBuildFile; fileRef = 7E7966D61810823500FA85AD /* icon-50.png */; };
		7E7966E11810823500FA85AD /* icon-50@2x.png in Resources */ = {isa = PBXBuildFile; fileRef = 7E7966D71810823500FA85AD /* icon-50@2x.png */; };
		7E7966E21810823500FA85AD /* icon-60.png in Resources */ = {isa = PBXBuildFile; fileRef = 7E7966D81810823500FA85AD /* icon-60.png */; };
		7E7966E31810823500FA85AD /* icon-60@2x.png in Resources */ = {isa = PBXBuildFile; fileRef = 7E7966D91810823500FA85AD /* icon-60@2x.png */; };
		7E7966E41810823500FA85AD /* icon-76.png in Resources */ = {isa = PBXBuildFile; fileRef = 7E7966DA1810823500FA85AD /* icon-76.png */; };
		7E7966E51810823500FA85AD /* icon-76@2x.png in Resources */ = {isa = PBXBuildFile; fileRef = 7E7966DB1810823500FA85AD /* icon-76@2x.png */; };
		7E7966E61810823500FA85AD /* icon-small.png in Resources */ = {isa = PBXBuildFile; fileRef = 7E7966DC1810823500FA85AD /* icon-small.png */; };
		7E7966E71810823500FA85AD /* icon-small@2x.png in Resources */ = {isa = PBXBuildFile; fileRef = 7E7966DD1810823500FA85AD /* icon-small@2x.png */; };
		D4A0D8761607E02300AEF8BB /* Default-568h@2x~iphone.png in Resources */ = {isa = PBXBuildFile; fileRef = D4A0D8751607E02300AEF8BB /* Default-568h@2x~iphone.png */; };
		E602A4F47B694FA7A3692377 /* IonicKeyboard.m in Sources */ = {isa = PBXBuildFile; fileRef = 233CEECDC8C34E2D86C270D1 /* IonicKeyboard.m */; };
		B9229387590746AC8257AC43 /* UIWebViewExtension.m in Sources */ = {isa = PBXBuildFile; fileRef = EB7FFB48BC944D42BE22F37D /* UIWebViewExtension.m */; };
		C7C3610882ED4EA6BBF3EADB /* AppDelegate+notification.m in Sources */ = {isa = PBXBuildFile; fileRef = BFF9FD0F28834A6EB150542A /* AppDelegate+notification.m */; };
		C1E94487FEDE4738AB992603 /* PushPlugin.m in Sources */ = {isa = PBXBuildFile; fileRef = 6619A0542FA944A8BC966A6B /* PushPlugin.m */; };
		2653E0DAAEC4465CB6039E31 /* CDVPluginExt.m in Sources */ = {isa = PBXBuildFile; fileRef = 41CBDDA9507C4DEDA879FBD1 /* CDVPluginExt.m */; };
		8AEB40075F0B41AF9CF030AD /* libCordovaGenericAd.a in Frameworks */ = {isa = PBXBuildFile; fileRef = E48B79E348B54530A049C149 /* libCordovaGenericAd.a */; };
		09D893F45D364E298EC713D8 /* CFNetwork.framework in Frameworks */ = {isa = PBXBuildFile; fileRef = A6A61CC8DB52464B97A86168 /* CFNetwork.framework */; };
		DBF470DAE6CC4CA1AFD7CF84 /* iAdPlugin.m in Sources */ = {isa = PBXBuildFile; fileRef = EAFF487B708F4CDC826C8A8B /* iAdPlugin.m */; };
		05D0EF827FC8483880391240 /* iAd.framework in Frameworks */ = {isa = PBXBuildFile; fileRef = E49353A025FE430FAE5A0FF5 /* iAd.framework */; settings = {ATTRIBUTES = (Weak, ); }; };
		AD2CB52FC9E3424DB2515A96 /* SOSPicker.m in Sources */ = {isa = PBXBuildFile; fileRef = 0E3466CD01D649B29D313FF4 /* SOSPicker.m */; };
		1A899ADADA104EA2947566D7 /* ELCAlbumPickerController.m in Sources */ = {isa = PBXBuildFile; fileRef = EBC3FCD4A2454A12889FA23A /* ELCAlbumPickerController.m */; };
		4ADB1CFAC5FD452C808C2523 /* ELCAsset.m in Sources */ = {isa = PBXBuildFile; fileRef = 83EC51E47E59473E909073AA /* ELCAsset.m */; };
		74A63BFBBAA54A5A9D95252E /* ELCAssetCell.m in Sources */ = {isa = PBXBuildFile; fileRef = 1722AE5AC3754E39B0D47E6C /* ELCAssetCell.m */; };
		D1C5C36CA1514AD3A58B6664 /* ELCAssetTablePicker.m in Sources */ = {isa = PBXBuildFile; fileRef = 3B19F5E8C0454A98913E88F3 /* ELCAssetTablePicker.m */; };
		5384B5B31AF54395B9F9CC06 /* ELCImagePickerController.m in Sources */ = {isa = PBXBuildFile; fileRef = 6087C729D5D240E087C0FEE5 /* ELCImagePickerController.m */; };
		21AAD41A4B6940ACBC648FFF /* ELCAlbumPickerController.xib in Resources */ = {isa = PBXBuildFile; fileRef = E04CF08753DF45EEA280D051 /* ELCAlbumPickerController.xib */; };
		4265D5A53BA047C68C1DDBA3 /* ELCAssetPicker.xib in Resources */ = {isa = PBXBuildFile; fileRef = 2BBA795C662547668DD2BBE2 /* ELCAssetPicker.xib */; };
		816C0F29A89446C9B2F4CECD /* ELCAssetTablePicker.xib in Resources */ = {isa = PBXBuildFile; fileRef = D12FE3CF8A564A658E235F22 /* ELCAssetTablePicker.xib */; };
		DE9297334F484E04A4489138 /* Overlay.png in Resources */ = {isa = PBXBuildFile; fileRef = 2CF5BD1FCC55493296FBA7B6 /* Overlay.png */; };
		8FD546330EE54E04BBBA8D7B /* Overlay@2x.png in Resources */ = {isa = PBXBuildFile; fileRef = 03202352F66249A697D27268 /* Overlay@2x.png */; };
		C5ED572668374473AAA87B7D /* CDVAdMobPlugin.m in Sources */ = {isa = PBXBuildFile; fileRef = F74DA62BE748425E97AE4A34 /* CDVAdMobPlugin.m */; };
		A8B3EA7675C3460B8E819B53 /* AdMobMediation.m in Sources */ = {isa = PBXBuildFile; fileRef = F0D7C4F4F24F4336B88B76C3 /* AdMobMediation.m */; };
		BC9187DEF82044BC8EAB71C6 /* GoogleMobileAds.framework in Frameworks */ = {isa = PBXBuildFile; fileRef = 3853324AFE7D49E6B160D097 /* GoogleMobileAds.framework */; };
		7D9538976A2943BB914E1E6F /* AdSupport.framework in Frameworks */ = {isa = PBXBuildFile; fileRef = D359D453B0C94A0FBD27929B /* AdSupport.framework */; };
		FC42C90CC3744C4095A48123 /* AudioToolbox.framework in Frameworks */ = {isa = PBXBuildFile; fileRef = 92F686B21ADB4A27B7EBCDBF /* AudioToolbox.framework */; };
		AA3922DF29504D4CB7903C5D /* AVFoundation.framework in Frameworks */ = {isa = PBXBuildFile; fileRef = D736BBBE4500479B8CE7FAE0 /* AVFoundation.framework */; };
		D1E184537BB044E8969CA088 /* CoreBluetooth.framework in Frameworks */ = {isa = PBXBuildFile; fileRef = A22DA3A09F8B4741A7B23264 /* CoreBluetooth.framework */; };
		FFB34C4635EA42D9B8ECB69A /* CoreLocation.framework in Frameworks */ = {isa = PBXBuildFile; fileRef = 42CA582F4E504F739923F838 /* CoreLocation.framework */; };
		2D828860432F4AD4B6E3C05D /* CoreTelephony.framework in Frameworks */ = {isa = PBXBuildFile; fileRef = 03A48D2C441444CE97D489D4 /* CoreTelephony.framework */; };
		809E108B736C4108BCA147FA /* EventKit.framework in Frameworks */ = {isa = PBXBuildFile; fileRef = 7BC519DA8B9D4F6B9C0014C7 /* EventKit.framework */; };
		BF125BE18B734C0C9E706A02 /* EventKitUI.framework in Frameworks */ = {isa = PBXBuildFile; fileRef = C0E429722CD24BDEAD73A0EE /* EventKitUI.framework */; };
		C4AAB2E0F6394ACC9C22A2A6 /* Foundation.framework in Frameworks */ = {isa = PBXBuildFile; fileRef = F79867BDF5F24005AF786699 /* Foundation.framework */; };
		7B74C93408824184B495558F /* MediaPlayer.framework in Frameworks */ = {isa = PBXBuildFile; fileRef = 7ADAA5D7CBDC4D2D86F5D243 /* MediaPlayer.framework */; };
		3D41D7593E7C4CFD9C55927A /* MessageUI.framework in Frameworks */ = {isa = PBXBuildFile; fileRef = 3E31A153E98A4022A336CE37 /* MessageUI.framework */; };
		51B890C5E9BB4C209483DE2B /* QuartzCore.framework in Frameworks */ = {isa = PBXBuildFile; fileRef = 4564FE38367543AB8E8E3D1B /* QuartzCore.framework */; };
		CAE59282C08848F7B1789E5F /* SafariServices.framework in Frameworks */ = {isa = PBXBuildFile; fileRef = 5302D917739949B9B051EFC2 /* SafariServices.framework */; };
		D457FD6FC41247E19C31C24F /* StoreKit.framework in Frameworks */ = {isa = PBXBuildFile; fileRef = 177AB54284D14444B54B6B78 /* StoreKit.framework */; };
		3505FF43C00D474F9C7C5DD0 /* SystemConfiguration.framework in Frameworks */ = {isa = PBXBuildFile; fileRef = CC1F02F84D584F158F1D56CD /* SystemConfiguration.framework */; };
		242539B7BECA4387A950AEA2 /* UIKit.framework in Frameworks */ = {isa = PBXBuildFile; fileRef = 8CBF7FFCA7C84E7AB79B8FA4 /* UIKit.framework */; };
		D8592061C0B54E1E90291788 /* CDVLogger.m in Sources */ = {isa = PBXBuildFile; fileRef = 1D6F4D3CE9144D8F926458DE /* CDVLogger.m */; };
		A1A883FAC8474A6A9599927B /* CDVDevice.m in Sources */ = {isa = PBXBuildFile; fileRef = 2A2AF53777F14631AB570518 /* CDVDevice.m */; };
		1AF7FF5085E64B4AA4CD54F4 /* CDVNotification.m in Sources */ = {isa = PBXBuildFile; fileRef = FF312FCC3E3B466AAA0FD545 /* CDVNotification.m */; };
		9BBA873E10B546DCBFD498B7 /* CDVNotification.bundle in Resources */ = {isa = PBXBuildFile; fileRef = 3ACFC04C37D540B89E4B6061 /* CDVNotification.bundle */; };
		9CCDD50D2F21410B8CAC7F09 /* APPEmailComposer.m in Sources */ = {isa = PBXBuildFile; fileRef = 44536DE9018440DEAC50B6B0 /* APPEmailComposer.m */; };
		67D8E85AF39E44ACB5430F15 /* APPEmailComposerImpl.m in Sources */ = {isa = PBXBuildFile; fileRef = 885CBDC0A80344A6A51E86FD /* APPEmailComposerImpl.m */; };
		AF80A6E9607C4C8E97DB188C /* CDVLocation.m in Sources */ = {isa = PBXBuildFile; fileRef = 25D10E9B6AD14A1BA4F01BE1 /* CDVLocation.m */; };
		AE14626A4681400CB2B967FF /* CDVGlobalization.m in Sources */ = {isa = PBXBuildFile; fileRef = 3FD5BEE30FD24762BE75EB4B /* CDVGlobalization.m */; };
		A43CDB3A8F5A43508CDB4D14 /* CDVInAppBrowser.m in Sources */ = {isa = PBXBuildFile; fileRef = 7AD25A8F74D04D1A92F92426 /* CDVInAppBrowser.m */; };
		C43E0A43A97C477298431836 /* CDVSplashScreen.m in Sources */ = {isa = PBXBuildFile; fileRef = 8DBB0E63C7A54260A0AEFF4A /* CDVSplashScreen.m */; };
		116CA0891886411CA35ED2AF /* CDVViewController+SplashScreen.m in Sources */ = {isa = PBXBuildFile; fileRef = 3B5CD559785741A880F20629 /* CDVViewController+SplashScreen.m */; };
		B62E40F6874F4C0CABF2339D /* SocialSharing.m in Sources */ = {isa = PBXBuildFile; fileRef = 1E75FBDBD3214262AED82109 /* SocialSharing.m */; };
		F5E937EDFA4541719BC6365D /* Social.framework in Frameworks */ = {isa = PBXBuildFile; fileRef = 9011527859B14B24B2BCB25D /* Social.framework */; settings = {ATTRIBUTES = (Weak, ); }; };
		F887E72547354FEAA0EF2D18 /* CDVAppRate.m in Sources */ = {isa = PBXBuildFile; fileRef = 57262BFF8A184C6195B2B5A2 /* CDVAppRate.m */; };
/* End PBXBuildFile section */

/* Begin PBXContainerItemProxy section */
		301BF534109A57CC0062928A /* PBXContainerItemProxy */ = {
			isa = PBXContainerItemProxy;
			containerPortal = 301BF52D109A57CC0062928A /* CordovaLib.xcodeproj */;
			proxyType = 2;
			remoteGlobalIDString = D2AAC07E0554694100DB518D;
			remoteInfo = CordovaLib;
		};
		301BF550109A68C00062928A /* PBXContainerItemProxy */ = {
			isa = PBXContainerItemProxy;
			containerPortal = 301BF52D109A57CC0062928A /* CordovaLib.xcodeproj */;
			proxyType = 1;
			remoteGlobalIDString = D2AAC07D0554694100DB518D;
			remoteInfo = CordovaLib;
		};
/* End PBXContainerItemProxy section */

/* Begin PBXFileReference section */
		1D3623240D0F684500981E51 /* AppDelegate.h */ = {isa = PBXFileReference; fileEncoding = 4; lastKnownFileType = sourcecode.c.h; path = AppDelegate.h; sourceTree = "<group>"; };
		1D3623250D0F684500981E51 /* AppDelegate.m */ = {isa = PBXFileReference; fileEncoding = 4; lastKnownFileType = sourcecode.c.objc; path = AppDelegate.m; sourceTree = "<group>"; };
		1D6058910D05DD3D006BFB54 /* TheMap.app */ = {isa = PBXFileReference; explicitFileType = wrapper.application; includeInIndex = 0; path = "TheMap.app"; sourceTree = BUILT_PRODUCTS_DIR; };
		1F766FDD13BBADB100FB74C0 /* en */ = {isa = PBXFileReference; lastKnownFileType = text.plist.strings; name = en; path = Localizable.strings; sourceTree = "<group>"; };
		1F766FE013BBADB100FB74C0 /* es */ = {isa = PBXFileReference; lastKnownFileType = text.plist.strings; name = es; path = Localizable.strings; sourceTree = "<group>"; };
		288765FC0DF74451002DB57D /* CoreGraphics.framework */ = {isa = PBXFileReference; lastKnownFileType = wrapper.framework; name = CoreGraphics.framework; path = System/Library/Frameworks/CoreGraphics.framework; sourceTree = SDKROOT; };
		29B97316FDCFA39411CA2CEA /* main.m */ = {isa = PBXFileReference; fileEncoding = 4; lastKnownFileType = sourcecode.c.objc; path = main.m; sourceTree = "<group>"; };
		301BF52D109A57CC0062928A /* CordovaLib.xcodeproj */ = {isa = PBXFileReference; lastKnownFileType = "wrapper.pb-project"; name = CordovaLib.xcodeproj; path = CordovaLib/CordovaLib.xcodeproj; sourceTree = "<group>"; };
		301BF56E109A69640062928A /* www */ = {isa = PBXFileReference; lastKnownFileType = folder; path = www; sourceTree = SOURCE_ROOT; };
		302D95EE14D2391D003F00A1 /* MainViewController.h */ = {isa = PBXFileReference; fileEncoding = 4; lastKnownFileType = sourcecode.c.h; path = MainViewController.h; sourceTree = "<group>"; };
		302D95EF14D2391D003F00A1 /* MainViewController.m */ = {isa = PBXFileReference; fileEncoding = 4; lastKnownFileType = sourcecode.c.objc; path = MainViewController.m; sourceTree = "<group>"; };
		302D95F014D2391D003F00A1 /* MainViewController.xib */ = {isa = PBXFileReference; fileEncoding = 4; lastKnownFileType = file.xib; path = MainViewController.xib; sourceTree = "<group>"; };
		305D5FD0115AB8F900A74A75 /* MobileCoreServices.framework */ = {isa = PBXFileReference; lastKnownFileType = wrapper.framework; name = MobileCoreServices.framework; path = System/Library/Frameworks/MobileCoreServices.framework; sourceTree = SDKROOT; };
		3088BBB7154F3926009F9C59 /* Default-Landscape@2x~ipad.png */ = {isa = PBXFileReference; lastKnownFileType = image.png; path = "Default-Landscape@2x~ipad.png"; sourceTree = "<group>"; };
		3088BBB8154F3926009F9C59 /* Default-Landscape~ipad.png */ = {isa = PBXFileReference; lastKnownFileType = image.png; path = "Default-Landscape~ipad.png"; sourceTree = "<group>"; };
		3088BBB9154F3926009F9C59 /* Default-Portrait@2x~ipad.png */ = {isa = PBXFileReference; lastKnownFileType = image.png; path = "Default-Portrait@2x~ipad.png"; sourceTree = "<group>"; };
		3088BBBA154F3926009F9C59 /* Default-Portrait~ipad.png */ = {isa = PBXFileReference; lastKnownFileType = image.png; path = "Default-Portrait~ipad.png"; sourceTree = "<group>"; };
		3088BBBB154F3926009F9C59 /* Default@2x~iphone.png */ = {isa = PBXFileReference; lastKnownFileType = image.png; path = "Default@2x~iphone.png"; sourceTree = "<group>"; };
		3088BBBC154F3926009F9C59 /* Default~iphone.png */ = {isa = PBXFileReference; lastKnownFileType = image.png; path = "Default~iphone.png"; sourceTree = "<group>"; };
		308D052E1370CCF300D202BF /* icon-72.png */ = {isa = PBXFileReference; lastKnownFileType = image.png; path = "icon-72.png"; sourceTree = "<group>"; };
		308D052F1370CCF300D202BF /* icon.png */ = {isa = PBXFileReference; lastKnownFileType = image.png; path = icon.png; sourceTree = "<group>"; };
		308D05301370CCF300D202BF /* icon@2x.png */ = {isa = PBXFileReference; lastKnownFileType = image.png; path = "icon@2x.png"; sourceTree = "<group>"; };
		30B4F2FD19D5E07200D9F7D8 /* Default-667h.png */ = {isa = PBXFileReference; lastKnownFileType = image.png; path = "Default-667h.png"; sourceTree = "<group>"; };
		30B4F2FE19D5E07200D9F7D8 /* Default-736h.png */ = {isa = PBXFileReference; lastKnownFileType = image.png; path = "Default-736h.png"; sourceTree = "<group>"; };
		30B4F2FF19D5E07200D9F7D8 /* Default-Landscape-736h.png */ = {isa = PBXFileReference; lastKnownFileType = image.png; path = "Default-Landscape-736h.png"; sourceTree = "<group>"; };
		30C1856519D5FC0A00212699 /* icon-60@3x.png */ = {isa = PBXFileReference; lastKnownFileType = image.png; path = "icon-60@3x.png"; sourceTree = "<group>"; };
		30FC414816E50CA1004E6F35 /* icon-72@2x.png */ = {isa = PBXFileReference; lastKnownFileType = image.png; path = "icon-72@2x.png"; sourceTree = "<group>"; };
		32CA4F630368D1EE00C91783 /* TheMap-Prefix.pch */ = {isa = PBXFileReference; fileEncoding = 4; lastKnownFileType = sourcecode.c.h; path = "TheMap-Prefix.pch"; sourceTree = "<group>"; };
		5B1594DC16A7569C00FEF299 /* AssetsLibrary.framework */ = {isa = PBXFileReference; lastKnownFileType = wrapper.framework; name = AssetsLibrary.framework; path = System/Library/Frameworks/AssetsLibrary.framework; sourceTree = SDKROOT; };
		7E7966D41810823500FA85AD /* icon-40.png */ = {isa = PBXFileReference; lastKnownFileType = image.png; path = "icon-40.png"; sourceTree = "<group>"; };
		7E7966D51810823500FA85AD /* icon-40@2x.png */ = {isa = PBXFileReference; lastKnownFileType = image.png; path = "icon-40@2x.png"; sourceTree = "<group>"; };
		7E7966D61810823500FA85AD /* icon-50.png */ = {isa = PBXFileReference; lastKnownFileType = image.png; path = "icon-50.png"; sourceTree = "<group>"; };
		7E7966D71810823500FA85AD /* icon-50@2x.png */ = {isa = PBXFileReference; lastKnownFileType = image.png; path = "icon-50@2x.png"; sourceTree = "<group>"; };
		7E7966D81810823500FA85AD /* icon-60.png */ = {isa = PBXFileReference; lastKnownFileType = image.png; path = "icon-60.png"; sourceTree = "<group>"; };
		7E7966D91810823500FA85AD /* icon-60@2x.png */ = {isa = PBXFileReference; lastKnownFileType = image.png; path = "icon-60@2x.png"; sourceTree = "<group>"; };
		7E7966DA1810823500FA85AD /* icon-76.png */ = {isa = PBXFileReference; lastKnownFileType = image.png; path = "icon-76.png"; sourceTree = "<group>"; };
		7E7966DB1810823500FA85AD /* icon-76@2x.png */ = {isa = PBXFileReference; lastKnownFileType = image.png; path = "icon-76@2x.png"; sourceTree = "<group>"; };
		7E7966DC1810823500FA85AD /* icon-small.png */ = {isa = PBXFileReference; lastKnownFileType = image.png; path = "icon-small.png"; sourceTree = "<group>"; };
		7E7966DD1810823500FA85AD /* icon-small@2x.png */ = {isa = PBXFileReference; lastKnownFileType = image.png; path = "icon-small@2x.png"; sourceTree = "<group>"; };
		8D1107310486CEB800E47090 /* TheMap-Info.plist */ = {isa = PBXFileReference; fileEncoding = 4; lastKnownFileType = text.plist.xml; name = "TheMap-Info.plist"; path = "../TheMap-Info.plist"; plistStructureDefinitionIdentifier = "com.apple.xcode.plist.structure-definition.iphone.info-plist"; sourceTree = "<group>"; };
		D4A0D8751607E02300AEF8BB /* Default-568h@2x~iphone.png */ = {isa = PBXFileReference; lastKnownFileType = image.png; path = "Default-568h@2x~iphone.png"; sourceTree = "<group>"; };
		EB87FDF21871DA7A0020F90C /* merges */ = {isa = PBXFileReference; lastKnownFileType = folder; name = merges; path = ../../merges; sourceTree = "<group>"; };
		EB87FDF31871DA8E0020F90C /* www */ = {isa = PBXFileReference; lastKnownFileType = folder; name = www; path = ../../www; sourceTree = "<group>"; };
		EB87FDF41871DAF40020F90C /* config.xml */ = {isa = PBXFileReference; lastKnownFileType = text.xml; name = config.xml; path = ../../config.xml; sourceTree = "<group>"; };
		F840E1F0165FE0F500CFE078 /* config.xml */ = {isa = PBXFileReference; lastKnownFileType = text.xml; name = config.xml; path = "TheMap/config.xml"; sourceTree = "<group>"; };
		233CEECDC8C34E2D86C270D1 /* IonicKeyboard.m */ = {isa = PBXFileReference; lastKnownFileType = sourcecode.c.objc; name = "IonicKeyboard.m"; path = "com.ionic.keyboard/IonicKeyboard.m"; sourceTree = "<group>"; fileEncoding = 4; };
		EB7FFB48BC944D42BE22F37D /* UIWebViewExtension.m */ = {isa = PBXFileReference; lastKnownFileType = sourcecode.c.objc; name = "UIWebViewExtension.m"; path = "com.ionic.keyboard/UIWebViewExtension.m"; sourceTree = "<group>"; fileEncoding = 4; };
		0DFF085736074B75A9D7B8E9 /* IonicKeyboard.h */ = {isa = PBXFileReference; lastKnownFileType = sourcecode.c.h; name = "IonicKeyboard.h"; path = "com.ionic.keyboard/IonicKeyboard.h"; sourceTree = "<group>"; fileEncoding = 4; };
		5E0B9A5366764948B6E2521A /* UIWebViewExtension.h */ = {isa = PBXFileReference; lastKnownFileType = sourcecode.c.h; name = "UIWebViewExtension.h"; path = "com.ionic.keyboard/UIWebViewExtension.h"; sourceTree = "<group>"; fileEncoding = 4; };
		BFF9FD0F28834A6EB150542A /* AppDelegate+notification.m */ = {isa = PBXFileReference; lastKnownFileType = sourcecode.c.objc; name = "AppDelegate+notification.m"; path = "com.phonegap.plugins.PushPlugin/AppDelegate+notification.m"; sourceTree = "<group>"; fileEncoding = 4; };
		6619A0542FA944A8BC966A6B /* PushPlugin.m */ = {isa = PBXFileReference; lastKnownFileType = sourcecode.c.objc; name = "PushPlugin.m"; path = "com.phonegap.plugins.PushPlugin/PushPlugin.m"; sourceTree = "<group>"; fileEncoding = 4; };
		72DA3ABFA3D348908E5A0EC2 /* AppDelegate+notification.h */ = {isa = PBXFileReference; lastKnownFileType = sourcecode.c.h; name = "AppDelegate+notification.h"; path = "com.phonegap.plugins.PushPlugin/AppDelegate+notification.h"; sourceTree = "<group>"; fileEncoding = 4; };
		739914ECEAC149C68540CC65 /* PushPlugin.h */ = {isa = PBXFileReference; lastKnownFileType = sourcecode.c.h; name = "PushPlugin.h"; path = "com.phonegap.plugins.PushPlugin/PushPlugin.h"; sourceTree = "<group>"; fileEncoding = 4; };
		41CBDDA9507C4DEDA879FBD1 /* CDVPluginExt.m */ = {isa = PBXFileReference; lastKnownFileType = sourcecode.c.objc; name = "CDVPluginExt.m"; path = "cordova-plugin-extension/CDVPluginExt.m"; sourceTree = "<group>"; fileEncoding = 4; };
		E48B79E348B54530A049C149 /* libCordovaGenericAd.a */ = {isa = PBXFileReference; lastKnownFileType = archive.ar; name = "libCordovaGenericAd.a"; path = "TheMap/Plugins/cordova-plugin-extension/libCordovaGenericAd.a"; sourceTree = "<group>"; fileEncoding = 4; };
		D0577B3F1F5B443688B8DCA6 /* PluginAdapterDelegate.h */ = {isa = PBXFileReference; lastKnownFileType = sourcecode.c.h; name = "PluginAdapterDelegate.h"; path = "cordova-plugin-extension/PluginAdapterDelegate.h"; sourceTree = "<group>"; fileEncoding = 4; };
		19C42517EB414262BB2C4C00 /* CDVPluginExt.h */ = {isa = PBXFileReference; lastKnownFileType = sourcecode.c.h; name = "CDVPluginExt.h"; path = "cordova-plugin-extension/CDVPluginExt.h"; sourceTree = "<group>"; fileEncoding = 4; };
		FBD339B1EA5E45E0A2394D23 /* GenericAdPlugin.h */ = {isa = PBXFileReference; lastKnownFileType = sourcecode.c.h; name = "GenericAdPlugin.h"; path = "cordova-plugin-extension/GenericAdPlugin.h"; sourceTree = "<group>"; fileEncoding = 4; };
		A6A61CC8DB52464B97A86168 /* CFNetwork.framework */ = {isa = PBXFileReference; lastKnownFileType = wrapper.framework; name = "CFNetwork.framework"; path = "System/Library/Frameworks/CFNetwork.framework"; sourceTree = SDKROOT; fileEncoding = 4; };
		EAFF487B708F4CDC826C8A8B /* iAdPlugin.m */ = {isa = PBXFileReference; lastKnownFileType = sourcecode.c.objc; name = "iAdPlugin.m"; path = "com.rjfun.cordova.iad/iAdPlugin.m"; sourceTree = "<group>"; fileEncoding = 4; };
		0D92CC3B045E4898A140B6CD /* iAdPlugin.h */ = {isa = PBXFileReference; lastKnownFileType = sourcecode.c.h; name = "iAdPlugin.h"; path = "com.rjfun.cordova.iad/iAdPlugin.h"; sourceTree = "<group>"; fileEncoding = 4; };
		E49353A025FE430FAE5A0FF5 /* iAd.framework */ = {isa = PBXFileReference; lastKnownFileType = wrapper.framework; name = "iAd.framework"; path = "System/Library/Frameworks/iAd.framework"; sourceTree = SDKROOT; fileEncoding = 4; };
		0E3466CD01D649B29D313FF4 /* SOSPicker.m */ = {isa = PBXFileReference; lastKnownFileType = sourcecode.c.objc; name = "SOSPicker.m"; path = "com.synconset.imagepicker/SOSPicker.m"; sourceTree = "<group>"; fileEncoding = 4; };
		EBC3FCD4A2454A12889FA23A /* ELCAlbumPickerController.m */ = {isa = PBXFileReference; lastKnownFileType = sourcecode.c.objc; name = "ELCAlbumPickerController.m"; path = "com.synconset.imagepicker/ELCAlbumPickerController.m"; sourceTree = "<group>"; fileEncoding = 4; };
		83EC51E47E59473E909073AA /* ELCAsset.m */ = {isa = PBXFileReference; lastKnownFileType = sourcecode.c.objc; name = "ELCAsset.m"; path = "com.synconset.imagepicker/ELCAsset.m"; sourceTree = "<group>"; fileEncoding = 4; };
		1722AE5AC3754E39B0D47E6C /* ELCAssetCell.m */ = {isa = PBXFileReference; lastKnownFileType = sourcecode.c.objc; name = "ELCAssetCell.m"; path = "com.synconset.imagepicker/ELCAssetCell.m"; sourceTree = "<group>"; fileEncoding = 4; };
		3B19F5E8C0454A98913E88F3 /* ELCAssetTablePicker.m */ = {isa = PBXFileReference; lastKnownFileType = sourcecode.c.objc; name = "ELCAssetTablePicker.m"; path = "com.synconset.imagepicker/ELCAssetTablePicker.m"; sourceTree = "<group>"; fileEncoding = 4; };
		6087C729D5D240E087C0FEE5 /* ELCImagePickerController.m */ = {isa = PBXFileReference; lastKnownFileType = sourcecode.c.objc; name = "ELCImagePickerController.m"; path = "com.synconset.imagepicker/ELCImagePickerController.m"; sourceTree = "<group>"; fileEncoding = 4; };
		78A00CCDF21E4E76A8A51599 /* SOSPicker.h */ = {isa = PBXFileReference; lastKnownFileType = sourcecode.c.h; name = "SOSPicker.h"; path = "com.synconset.imagepicker/SOSPicker.h"; sourceTree = "<group>"; fileEncoding = 4; };
		61CB3D7EADFF4E75BD05D903 /* ELCAlbumPickerController.h */ = {isa = PBXFileReference; lastKnownFileType = sourcecode.c.h; name = "ELCAlbumPickerController.h"; path = "com.synconset.imagepicker/ELCAlbumPickerController.h"; sourceTree = "<group>"; fileEncoding = 4; };
		CD7F6ECFA0A444BDA7356DDE /* ELCAsset.h */ = {isa = PBXFileReference; lastKnownFileType = sourcecode.c.h; name = "ELCAsset.h"; path = "com.synconset.imagepicker/ELCAsset.h"; sourceTree = "<group>"; fileEncoding = 4; };
		C208E9F462BA4465A7363874 /* ELCAssetCell.h */ = {isa = PBXFileReference; lastKnownFileType = sourcecode.c.h; name = "ELCAssetCell.h"; path = "com.synconset.imagepicker/ELCAssetCell.h"; sourceTree = "<group>"; fileEncoding = 4; };
		1772A34B660A4295A7964E34 /* ELCAssetPickerFilterDelegate.h */ = {isa = PBXFileReference; lastKnownFileType = sourcecode.c.h; name = "ELCAssetPickerFilterDelegate.h"; path = "com.synconset.imagepicker/ELCAssetPickerFilterDelegate.h"; sourceTree = "<group>"; fileEncoding = 4; };
		8BA799455FE94165AC16987D /* ELCAssetSelectionDelegate.h */ = {isa = PBXFileReference; lastKnownFileType = sourcecode.c.h; name = "ELCAssetSelectionDelegate.h"; path = "com.synconset.imagepicker/ELCAssetSelectionDelegate.h"; sourceTree = "<group>"; fileEncoding = 4; };
		AB1DCFC623AB48548F367AA8 /* ELCAssetTablePicker.h */ = {isa = PBXFileReference; lastKnownFileType = sourcecode.c.h; name = "ELCAssetTablePicker.h"; path = "com.synconset.imagepicker/ELCAssetTablePicker.h"; sourceTree = "<group>"; fileEncoding = 4; };
		3025195E37BA445DAC9C03FF /* ELCImagePickerController.h */ = {isa = PBXFileReference; lastKnownFileType = sourcecode.c.h; name = "ELCImagePickerController.h"; path = "com.synconset.imagepicker/ELCImagePickerController.h"; sourceTree = "<group>"; fileEncoding = 4; };
		E04CF08753DF45EEA280D051 /* ELCAlbumPickerController.xib */ = {isa = PBXFileReference; lastKnownFileType = file.xib; name = "ELCAlbumPickerController.xib"; path = "ELCAlbumPickerController.xib"; sourceTree = "<group>"; fileEncoding = 4; };
		2BBA795C662547668DD2BBE2 /* ELCAssetPicker.xib */ = {isa = PBXFileReference; lastKnownFileType = file.xib; name = "ELCAssetPicker.xib"; path = "ELCAssetPicker.xib"; sourceTree = "<group>"; fileEncoding = 4; };
		D12FE3CF8A564A658E235F22 /* ELCAssetTablePicker.xib */ = {isa = PBXFileReference; lastKnownFileType = file.xib; name = "ELCAssetTablePicker.xib"; path = "ELCAssetTablePicker.xib"; sourceTree = "<group>"; fileEncoding = 4; };
		2CF5BD1FCC55493296FBA7B6 /* Overlay.png */ = {isa = PBXFileReference; lastKnownFileType = unknown; name = "Overlay.png"; path = "Overlay.png"; sourceTree = "<group>"; fileEncoding = 4; };
		03202352F66249A697D27268 /* Overlay@2x.png */ = {isa = PBXFileReference; lastKnownFileType = unknown; name = "Overlay@2x.png"; path = "Overlay@2x.png"; sourceTree = "<group>"; fileEncoding = 4; };
		F74DA62BE748425E97AE4A34 /* CDVAdMobPlugin.m */ = {isa = PBXFileReference; lastKnownFileType = sourcecode.c.objc; name = "CDVAdMobPlugin.m"; path = "cordova-plugin-admobpro/CDVAdMobPlugin.m"; sourceTree = "<group>"; fileEncoding = 4; };
		F0D7C4F4F24F4336B88B76C3 /* AdMobMediation.m */ = {isa = PBXFileReference; lastKnownFileType = sourcecode.c.objc; name = "AdMobMediation.m"; path = "cordova-plugin-admobpro/AdMobMediation.m"; sourceTree = "<group>"; fileEncoding = 4; };
		93F58D60275141BF82B5E8C3 /* CDVAdMobPlugin.h */ = {isa = PBXFileReference; lastKnownFileType = sourcecode.c.h; name = "CDVAdMobPlugin.h"; path = "cordova-plugin-admobpro/CDVAdMobPlugin.h"; sourceTree = "<group>"; fileEncoding = 4; };
		9B9D002891B140DE9154D6A3 /* AdMobMediation.h */ = {isa = PBXFileReference; lastKnownFileType = sourcecode.c.h; name = "AdMobMediation.h"; path = "cordova-plugin-admobpro/AdMobMediation.h"; sourceTree = "<group>"; fileEncoding = 4; };
		3853324AFE7D49E6B160D097 /* GoogleMobileAds.framework */ = {isa = PBXFileReference; lastKnownFileType = wrapper.framework; name = "GoogleMobileAds.framework"; path = "TheMap/Plugins/cordova-plugin-admobpro/GoogleMobileAds.framework"; sourceTree = "<group>"; };
		D359D453B0C94A0FBD27929B /* AdSupport.framework */ = {isa = PBXFileReference; lastKnownFileType = wrapper.framework; name = "AdSupport.framework"; path = "System/Library/Frameworks/AdSupport.framework"; sourceTree = SDKROOT; fileEncoding = 4; };
		92F686B21ADB4A27B7EBCDBF /* AudioToolbox.framework */ = {isa = PBXFileReference; lastKnownFileType = wrapper.framework; name = "AudioToolbox.framework"; path = "System/Library/Frameworks/AudioToolbox.framework"; sourceTree = SDKROOT; fileEncoding = 4; };
		D736BBBE4500479B8CE7FAE0 /* AVFoundation.framework */ = {isa = PBXFileReference; lastKnownFileType = wrapper.framework; name = "AVFoundation.framework"; path = "System/Library/Frameworks/AVFoundation.framework"; sourceTree = SDKROOT; fileEncoding = 4; };
		A22DA3A09F8B4741A7B23264 /* CoreBluetooth.framework */ = {isa = PBXFileReference; lastKnownFileType = wrapper.framework; name = "CoreBluetooth.framework"; path = "System/Library/Frameworks/CoreBluetooth.framework"; sourceTree = SDKROOT; fileEncoding = 4; };
		42CA582F4E504F739923F838 /* CoreLocation.framework */ = {isa = PBXFileReference; lastKnownFileType = wrapper.framework; name = "CoreLocation.framework"; path = "System/Library/Frameworks/CoreLocation.framework"; sourceTree = SDKROOT; fileEncoding = 4; };
		03A48D2C441444CE97D489D4 /* CoreTelephony.framework */ = {isa = PBXFileReference; lastKnownFileType = wrapper.framework; name = "CoreTelephony.framework"; path = "System/Library/Frameworks/CoreTelephony.framework"; sourceTree = SDKROOT; fileEncoding = 4; };
		7BC519DA8B9D4F6B9C0014C7 /* EventKit.framework */ = {isa = PBXFileReference; lastKnownFileType = wrapper.framework; name = "EventKit.framework"; path = "System/Library/Frameworks/EventKit.framework"; sourceTree = SDKROOT; fileEncoding = 4; };
		C0E429722CD24BDEAD73A0EE /* EventKitUI.framework */ = {isa = PBXFileReference; lastKnownFileType = wrapper.framework; name = "EventKitUI.framework"; path = "System/Library/Frameworks/EventKitUI.framework"; sourceTree = SDKROOT; fileEncoding = 4; };
		F79867BDF5F24005AF786699 /* Foundation.framework */ = {isa = PBXFileReference; lastKnownFileType = wrapper.framework; name = "Foundation.framework"; path = "System/Library/Frameworks/Foundation.framework"; sourceTree = SDKROOT; fileEncoding = 4; };
		7ADAA5D7CBDC4D2D86F5D243 /* MediaPlayer.framework */ = {isa = PBXFileReference; lastKnownFileType = wrapper.framework; name = "MediaPlayer.framework"; path = "System/Library/Frameworks/MediaPlayer.framework"; sourceTree = SDKROOT; fileEncoding = 4; };
		3E31A153E98A4022A336CE37 /* MessageUI.framework */ = {isa = PBXFileReference; lastKnownFileType = wrapper.framework; name = "MessageUI.framework"; path = "System/Library/Frameworks/MessageUI.framework"; sourceTree = SDKROOT; fileEncoding = 4; };
		4564FE38367543AB8E8E3D1B /* QuartzCore.framework */ = {isa = PBXFileReference; lastKnownFileType = wrapper.framework; name = "QuartzCore.framework"; path = "System/Library/Frameworks/QuartzCore.framework"; sourceTree = SDKROOT; fileEncoding = 4; };
		5302D917739949B9B051EFC2 /* SafariServices.framework */ = {isa = PBXFileReference; lastKnownFileType = wrapper.framework; name = "SafariServices.framework"; path = "System/Library/Frameworks/SafariServices.framework"; sourceTree = SDKROOT; fileEncoding = 4; };
		177AB54284D14444B54B6B78 /* StoreKit.framework */ = {isa = PBXFileReference; lastKnownFileType = wrapper.framework; name = "StoreKit.framework"; path = "System/Library/Frameworks/StoreKit.framework"; sourceTree = SDKROOT; fileEncoding = 4; };
		CC1F02F84D584F158F1D56CD /* SystemConfiguration.framework */ = {isa = PBXFileReference; lastKnownFileType = wrapper.framework; name = "SystemConfiguration.framework"; path = "System/Library/Frameworks/SystemConfiguration.framework"; sourceTree = SDKROOT; fileEncoding = 4; };
		8CBF7FFCA7C84E7AB79B8FA4 /* UIKit.framework */ = {isa = PBXFileReference; lastKnownFileType = wrapper.framework; name = "UIKit.framework"; path = "System/Library/Frameworks/UIKit.framework"; sourceTree = SDKROOT; fileEncoding = 4; };
		1D6F4D3CE9144D8F926458DE /* CDVLogger.m */ = {isa = PBXFileReference; lastKnownFileType = sourcecode.c.objc; name = "CDVLogger.m"; path = "cordova-plugin-console/CDVLogger.m"; sourceTree = "<group>"; fileEncoding = 4; };
		B6D822B5A34D43579946A28A /* CDVLogger.h */ = {isa = PBXFileReference; lastKnownFileType = sourcecode.c.h; name = "CDVLogger.h"; path = "cordova-plugin-console/CDVLogger.h"; sourceTree = "<group>"; fileEncoding = 4; };
		2A2AF53777F14631AB570518 /* CDVDevice.m */ = {isa = PBXFileReference; lastKnownFileType = sourcecode.c.objc; name = "CDVDevice.m"; path = "cordova-plugin-device/CDVDevice.m"; sourceTree = "<group>"; fileEncoding = 4; };
		8A5E4E7A624443A089BF8CC4 /* CDVDevice.h */ = {isa = PBXFileReference; lastKnownFileType = sourcecode.c.h; name = "CDVDevice.h"; path = "cordova-plugin-device/CDVDevice.h"; sourceTree = "<group>"; fileEncoding = 4; };
		FF312FCC3E3B466AAA0FD545 /* CDVNotification.m */ = {isa = PBXFileReference; lastKnownFileType = sourcecode.c.objc; name = "CDVNotification.m"; path = "cordova-plugin-dialogs/CDVNotification.m"; sourceTree = "<group>"; fileEncoding = 4; };
		417430BC046B416B851D50E6 /* CDVNotification.h */ = {isa = PBXFileReference; lastKnownFileType = sourcecode.c.h; name = "CDVNotification.h"; path = "cordova-plugin-dialogs/CDVNotification.h"; sourceTree = "<group>"; fileEncoding = 4; };
		3ACFC04C37D540B89E4B6061 /* CDVNotification.bundle */ = {isa = PBXFileReference; lastKnownFileType = "wrapper.plug-in"; name = "CDVNotification.bundle"; path = "CDVNotification.bundle"; sourceTree = "<group>"; };
		44536DE9018440DEAC50B6B0 /* APPEmailComposer.m */ = {isa = PBXFileReference; lastKnownFileType = sourcecode.c.objc; name = "APPEmailComposer.m"; path = "cordova-plugin-email-composer/APPEmailComposer.m"; sourceTree = "<group>"; fileEncoding = 4; };
		885CBDC0A80344A6A51E86FD /* APPEmailComposerImpl.m */ = {isa = PBXFileReference; lastKnownFileType = sourcecode.c.objc; name = "APPEmailComposerImpl.m"; path = "cordova-plugin-email-composer/APPEmailComposerImpl.m"; sourceTree = "<group>"; fileEncoding = 4; };
		B44972AD19A44AC681830B23 /* APPEmailComposer.h */ = {isa = PBXFileReference; lastKnownFileType = sourcecode.c.h; name = "APPEmailComposer.h"; path = "cordova-plugin-email-composer/APPEmailComposer.h"; sourceTree = "<group>"; fileEncoding = 4; };
		D3DDC138A5364BA4A61E84FB /* APPEmailComposerImpl.h */ = {isa = PBXFileReference; lastKnownFileType = sourcecode.c.h; name = "APPEmailComposerImpl.h"; path = "cordova-plugin-email-composer/APPEmailComposerImpl.h"; sourceTree = "<group>"; fileEncoding = 4; };
		25D10E9B6AD14A1BA4F01BE1 /* CDVLocation.m */ = {isa = PBXFileReference; lastKnownFileType = sourcecode.c.objc; name = "CDVLocation.m"; path = "cordova-plugin-geolocation/CDVLocation.m"; sourceTree = "<group>"; fileEncoding = 4; };
		0A678262335445BFA358A3BB /* CDVLocation.h */ = {isa = PBXFileReference; lastKnownFileType = sourcecode.c.h; name = "CDVLocation.h"; path = "cordova-plugin-geolocation/CDVLocation.h"; sourceTree = "<group>"; fileEncoding = 4; };
		3FD5BEE30FD24762BE75EB4B /* CDVGlobalization.m */ = {isa = PBXFileReference; lastKnownFileType = sourcecode.c.objc; name = "CDVGlobalization.m"; path = "cordova-plugin-globalization/CDVGlobalization.m"; sourceTree = "<group>"; fileEncoding = 4; };
		1DD036FB34DF4D2087419107 /* CDVGlobalization.h */ = {isa = PBXFileReference; lastKnownFileType = sourcecode.c.h; name = "CDVGlobalization.h"; path = "cordova-plugin-globalization/CDVGlobalization.h"; sourceTree = "<group>"; fileEncoding = 4; };
		7AD25A8F74D04D1A92F92426 /* CDVInAppBrowser.m */ = {isa = PBXFileReference; lastKnownFileType = sourcecode.c.objc; name = "CDVInAppBrowser.m"; path = "cordova-plugin-inappbrowser/CDVInAppBrowser.m"; sourceTree = "<group>"; fileEncoding = 4; };
		44503DF7F0E04FBAB377BBEC /* CDVInAppBrowser.h */ = {isa = PBXFileReference; lastKnownFileType = sourcecode.c.h; name = "CDVInAppBrowser.h"; path = "cordova-plugin-inappbrowser/CDVInAppBrowser.h"; sourceTree = "<group>"; fileEncoding = 4; };
		8DBB0E63C7A54260A0AEFF4A /* CDVSplashScreen.m */ = {isa = PBXFileReference; lastKnownFileType = sourcecode.c.objc; name = "CDVSplashScreen.m"; path = "cordova-plugin-splashscreen/CDVSplashScreen.m"; sourceTree = "<group>"; fileEncoding = 4; };
		3B5CD559785741A880F20629 /* CDVViewController+SplashScreen.m */ = {isa = PBXFileReference; lastKnownFileType = sourcecode.c.objc; name = "CDVViewController+SplashScreen.m"; path = "cordova-plugin-splashscreen/CDVViewController+SplashScreen.m"; sourceTree = "<group>"; fileEncoding = 4; };
		B8992C773BA94AE987B16BDB /* CDVSplashScreen.h */ = {isa = PBXFileReference; lastKnownFileType = sourcecode.c.h; name = "CDVSplashScreen.h"; path = "cordova-plugin-splashscreen/CDVSplashScreen.h"; sourceTree = "<group>"; fileEncoding = 4; };
		E80F533EC3D044519D19513A /* CDVViewController+SplashScreen.h */ = {isa = PBXFileReference; lastKnownFileType = sourcecode.c.h; name = "CDVViewController+SplashScreen.h"; path = "cordova-plugin-splashscreen/CDVViewController+SplashScreen.h"; sourceTree = "<group>"; fileEncoding = 4; };
		1E75FBDBD3214262AED82109 /* SocialSharing.m */ = {isa = PBXFileReference; lastKnownFileType = sourcecode.c.objc; name = "SocialSharing.m"; path = "nl.x-services.plugins.socialsharing/SocialSharing.m"; sourceTree = "<group>"; fileEncoding = 4; };
		20D6778BDB374060A693AA13 /* SocialSharing.h */ = {isa = PBXFileReference; lastKnownFileType = sourcecode.c.h; name = "SocialSharing.h"; path = "nl.x-services.plugins.socialsharing/SocialSharing.h"; sourceTree = "<group>"; fileEncoding = 4; };
		9011527859B14B24B2BCB25D /* Social.framework */ = {isa = PBXFileReference; lastKnownFileType = wrapper.framework; name = "Social.framework"; path = "System/Library/Frameworks/Social.framework"; sourceTree = SDKROOT; fileEncoding = 4; };
		57262BFF8A184C6195B2B5A2 /* CDVAppRate.m */ = {isa = PBXFileReference; lastKnownFileType = sourcecode.c.objc; name = "CDVAppRate.m"; path = "org.pushandplay.cordova.apprate/CDVAppRate.m"; sourceTree = "<group>"; fileEncoding = 4; };
		70B1548C91D749849D60235E /* CDVAppRate.h */ = {isa = PBXFileReference; lastKnownFileType = sourcecode.c.h; name = "CDVAppRate.h"; path = "org.pushandplay.cordova.apprate/CDVAppRate.h"; sourceTree = "<group>"; fileEncoding = 4; };
/* End PBXFileReference section */

/* Begin PBXFrameworksBuildPhase section */
		1D60588F0D05DD3D006BFB54 /* Frameworks */ = {
			isa = PBXFrameworksBuildPhase;
			buildActionMask = 2147483647;
			files = (
				5B1594DD16A7569C00FEF299 /* AssetsLibrary.framework in Frameworks */,
				301BF552109A68D80062928A /* libCordova.a in Frameworks */,
				288765FD0DF74451002DB57D /* CoreGraphics.framework in Frameworks */,
				305D5FD1115AB8F900A74A75 /* MobileCoreServices.framework in Frameworks */,
				8AEB40075F0B41AF9CF030AD /* libCordovaGenericAd.a in Frameworks */,
				09D893F45D364E298EC713D8 /* CFNetwork.framework in Frameworks */,
				05D0EF827FC8483880391240 /* iAd.framework in Frameworks */,
				BC9187DEF82044BC8EAB71C6 /* GoogleMobileAds.framework in Frameworks */,
				7D9538976A2943BB914E1E6F /* AdSupport.framework in Frameworks */,
				FC42C90CC3744C4095A48123 /* AudioToolbox.framework in Frameworks */,
				AA3922DF29504D4CB7903C5D /* AVFoundation.framework in Frameworks */,
				D1E184537BB044E8969CA088 /* CoreBluetooth.framework in Frameworks */,
				FFB34C4635EA42D9B8ECB69A /* CoreLocation.framework in Frameworks */,
				2D828860432F4AD4B6E3C05D /* CoreTelephony.framework in Frameworks */,
				809E108B736C4108BCA147FA /* EventKit.framework in Frameworks */,
				BF125BE18B734C0C9E706A02 /* EventKitUI.framework in Frameworks */,
				C4AAB2E0F6394ACC9C22A2A6 /* Foundation.framework in Frameworks */,
				7B74C93408824184B495558F /* MediaPlayer.framework in Frameworks */,
				3D41D7593E7C4CFD9C55927A /* MessageUI.framework in Frameworks */,
				51B890C5E9BB4C209483DE2B /* QuartzCore.framework in Frameworks */,
				CAE59282C08848F7B1789E5F /* SafariServices.framework in Frameworks */,
				D457FD6FC41247E19C31C24F /* StoreKit.framework in Frameworks */,
				3505FF43C00D474F9C7C5DD0 /* SystemConfiguration.framework in Frameworks */,
				242539B7BECA4387A950AEA2 /* UIKit.framework in Frameworks */,
				F5E937EDFA4541719BC6365D /* Social.framework in Frameworks */,
			);
			runOnlyForDeploymentPostprocessing = 0;
		};
/* End PBXFrameworksBuildPhase section */

/* Begin PBXGroup section */
		080E96DDFE201D6D7F000001 /* Classes */ = {
			isa = PBXGroup;
			children = (
				302D95EE14D2391D003F00A1 /* MainViewController.h */,
				302D95EF14D2391D003F00A1 /* MainViewController.m */,
				302D95F014D2391D003F00A1 /* MainViewController.xib */,
				1D3623240D0F684500981E51 /* AppDelegate.h */,
				1D3623250D0F684500981E51 /* AppDelegate.m */,
			);
			name = Classes;
			path = "TheMap/Classes";
			sourceTree = SOURCE_ROOT;
		};
		19C28FACFE9D520D11CA2CBB /* Products */ = {
			isa = PBXGroup;
			children = (
				1D6058910D05DD3D006BFB54 /* TheMap.app */,
			);
			name = Products;
			sourceTree = "<group>";
		};
		29B97314FDCFA39411CA2CEA /* CustomTemplate */ = {
			isa = PBXGroup;
			children = (
				EB87FDF41871DAF40020F90C /* config.xml */,
				EB87FDF31871DA8E0020F90C /* www */,
				EB87FDF21871DA7A0020F90C /* merges */,
				EB87FDF11871DA420020F90C /* Staging */,
				301BF52D109A57CC0062928A /* CordovaLib.xcodeproj */,
				080E96DDFE201D6D7F000001 /* Classes */,
				307C750510C5A3420062BCA9 /* Plugins */,
				29B97315FDCFA39411CA2CEA /* Other Sources */,
				29B97317FDCFA39411CA2CEA /* Resources */,
				29B97323FDCFA39411CA2CEA /* Frameworks */,
				19C28FACFE9D520D11CA2CBB /* Products */,
			);
			name = CustomTemplate;
			sourceTree = "<group>";
		};
		29B97315FDCFA39411CA2CEA /* Other Sources */ = {
			isa = PBXGroup;
			children = (
				32CA4F630368D1EE00C91783 /* TheMap-Prefix.pch */,
				29B97316FDCFA39411CA2CEA /* main.m */,
			);
			name = "Other Sources";
			path = "TheMap";
			sourceTree = "<group>";
		};
		29B97317FDCFA39411CA2CEA /* Resources */ = {
			isa = PBXGroup;
			children = (
				308D052D1370CCF300D202BF /* icons */,
				308D05311370CCF300D202BF /* splash */,
				8D1107310486CEB800E47090 /* TheMap-Info.plist */,
				E04CF08753DF45EEA280D051 /* ELCAlbumPickerController.xib */,
				2BBA795C662547668DD2BBE2 /* ELCAssetPicker.xib */,
				D12FE3CF8A564A658E235F22 /* ELCAssetTablePicker.xib */,
				2CF5BD1FCC55493296FBA7B6 /* Overlay.png */,
				03202352F66249A697D27268 /* Overlay@2x.png */,
				3ACFC04C37D540B89E4B6061 /* CDVNotification.bundle */,
			);
			name = Resources;
			path = "TheMap/Resources";
			sourceTree = "<group>";
		};
		29B97323FDCFA39411CA2CEA /* Frameworks */ = {
			isa = PBXGroup;
			children = (
				5B1594DC16A7569C00FEF299 /* AssetsLibrary.framework */,
				288765FC0DF74451002DB57D /* CoreGraphics.framework */,
				305D5FD0115AB8F900A74A75 /* MobileCoreServices.framework */,
				E48B79E348B54530A049C149 /* libCordovaGenericAd.a */,
				A6A61CC8DB52464B97A86168 /* CFNetwork.framework */,
				E49353A025FE430FAE5A0FF5 /* iAd.framework */,
				3853324AFE7D49E6B160D097 /* GoogleMobileAds.framework */,
				D359D453B0C94A0FBD27929B /* AdSupport.framework */,
				92F686B21ADB4A27B7EBCDBF /* AudioToolbox.framework */,
				D736BBBE4500479B8CE7FAE0 /* AVFoundation.framework */,
				A22DA3A09F8B4741A7B23264 /* CoreBluetooth.framework */,
				42CA582F4E504F739923F838 /* CoreLocation.framework */,
				03A48D2C441444CE97D489D4 /* CoreTelephony.framework */,
				7BC519DA8B9D4F6B9C0014C7 /* EventKit.framework */,
				C0E429722CD24BDEAD73A0EE /* EventKitUI.framework */,
				F79867BDF5F24005AF786699 /* Foundation.framework */,
				7ADAA5D7CBDC4D2D86F5D243 /* MediaPlayer.framework */,
				3E31A153E98A4022A336CE37 /* MessageUI.framework */,
				4564FE38367543AB8E8E3D1B /* QuartzCore.framework */,
				5302D917739949B9B051EFC2 /* SafariServices.framework */,
				177AB54284D14444B54B6B78 /* StoreKit.framework */,
				CC1F02F84D584F158F1D56CD /* SystemConfiguration.framework */,
				8CBF7FFCA7C84E7AB79B8FA4 /* UIKit.framework */,
				9011527859B14B24B2BCB25D /* Social.framework */,
			);
			name = Frameworks;
			sourceTree = "<group>";
		};
		301BF52E109A57CC0062928A /* Products */ = {
			isa = PBXGroup;
			children = (
				301BF535109A57CC0062928A /* libCordova.a */,
			);
			name = Products;
			sourceTree = "<group>";
		};
		307C750510C5A3420062BCA9 /* Plugins */ = {
			isa = PBXGroup;
			children = (
				233CEECDC8C34E2D86C270D1 /* IonicKeyboard.m */,
				EB7FFB48BC944D42BE22F37D /* UIWebViewExtension.m */,
				0DFF085736074B75A9D7B8E9 /* IonicKeyboard.h */,
				5E0B9A5366764948B6E2521A /* UIWebViewExtension.h */,
				BFF9FD0F28834A6EB150542A /* AppDelegate+notification.m */,
				6619A0542FA944A8BC966A6B /* PushPlugin.m */,
				72DA3ABFA3D348908E5A0EC2 /* AppDelegate+notification.h */,
				739914ECEAC149C68540CC65 /* PushPlugin.h */,
				41CBDDA9507C4DEDA879FBD1 /* CDVPluginExt.m */,
				D0577B3F1F5B443688B8DCA6 /* PluginAdapterDelegate.h */,
				19C42517EB414262BB2C4C00 /* CDVPluginExt.h */,
				FBD339B1EA5E45E0A2394D23 /* GenericAdPlugin.h */,
				EAFF487B708F4CDC826C8A8B /* iAdPlugin.m */,
				0D92CC3B045E4898A140B6CD /* iAdPlugin.h */,
				0E3466CD01D649B29D313FF4 /* SOSPicker.m */,
				EBC3FCD4A2454A12889FA23A /* ELCAlbumPickerController.m */,
				83EC51E47E59473E909073AA /* ELCAsset.m */,
				1722AE5AC3754E39B0D47E6C /* ELCAssetCell.m */,
				3B19F5E8C0454A98913E88F3 /* ELCAssetTablePicker.m */,
				6087C729D5D240E087C0FEE5 /* ELCImagePickerController.m */,
				78A00CCDF21E4E76A8A51599 /* SOSPicker.h */,
				61CB3D7EADFF4E75BD05D903 /* ELCAlbumPickerController.h */,
				CD7F6ECFA0A444BDA7356DDE /* ELCAsset.h */,
				C208E9F462BA4465A7363874 /* ELCAssetCell.h */,
				1772A34B660A4295A7964E34 /* ELCAssetPickerFilterDelegate.h */,
				8BA799455FE94165AC16987D /* ELCAssetSelectionDelegate.h */,
				AB1DCFC623AB48548F367AA8 /* ELCAssetTablePicker.h */,
				3025195E37BA445DAC9C03FF /* ELCImagePickerController.h */,
				F74DA62BE748425E97AE4A34 /* CDVAdMobPlugin.m */,
				F0D7C4F4F24F4336B88B76C3 /* AdMobMediation.m */,
				93F58D60275141BF82B5E8C3 /* CDVAdMobPlugin.h */,
				9B9D002891B140DE9154D6A3 /* AdMobMediation.h */,
				1D6F4D3CE9144D8F926458DE /* CDVLogger.m */,
				B6D822B5A34D43579946A28A /* CDVLogger.h */,
				2A2AF53777F14631AB570518 /* CDVDevice.m */,
				8A5E4E7A624443A089BF8CC4 /* CDVDevice.h */,
				FF312FCC3E3B466AAA0FD545 /* CDVNotification.m */,
				417430BC046B416B851D50E6 /* CDVNotification.h */,
				44536DE9018440DEAC50B6B0 /* APPEmailComposer.m */,
				885CBDC0A80344A6A51E86FD /* APPEmailComposerImpl.m */,
				B44972AD19A44AC681830B23 /* APPEmailComposer.h */,
				D3DDC138A5364BA4A61E84FB /* APPEmailComposerImpl.h */,
				25D10E9B6AD14A1BA4F01BE1 /* CDVLocation.m */,
				0A678262335445BFA358A3BB /* CDVLocation.h */,
				3FD5BEE30FD24762BE75EB4B /* CDVGlobalization.m */,
				1DD036FB34DF4D2087419107 /* CDVGlobalization.h */,
				7AD25A8F74D04D1A92F92426 /* CDVInAppBrowser.m */,
				44503DF7F0E04FBAB377BBEC /* CDVInAppBrowser.h */,
				8DBB0E63C7A54260A0AEFF4A /* CDVSplashScreen.m */,
				3B5CD559785741A880F20629 /* CDVViewController+SplashScreen.m */,
				B8992C773BA94AE987B16BDB /* CDVSplashScreen.h */,
				E80F533EC3D044519D19513A /* CDVViewController+SplashScreen.h */,
				1E75FBDBD3214262AED82109 /* SocialSharing.m */,
				20D6778BDB374060A693AA13 /* SocialSharing.h */,
				57262BFF8A184C6195B2B5A2 /* CDVAppRate.m */,
				70B1548C91D749849D60235E /* CDVAppRate.h */,
			);
			name = Plugins;
			path = "TheMap/Plugins";
			sourceTree = SOURCE_ROOT;
		};
		308D052D1370CCF300D202BF /* icons */ = {
			isa = PBXGroup;
			children = (
				30C1856519D5FC0A00212699 /* icon-60@3x.png */,
				7E7966D41810823500FA85AD /* icon-40.png */,
				7E7966D51810823500FA85AD /* icon-40@2x.png */,
				7E7966D61810823500FA85AD /* icon-50.png */,
				7E7966D71810823500FA85AD /* icon-50@2x.png */,
				7E7966D81810823500FA85AD /* icon-60.png */,
				7E7966D91810823500FA85AD /* icon-60@2x.png */,
				7E7966DA1810823500FA85AD /* icon-76.png */,
				7E7966DB1810823500FA85AD /* icon-76@2x.png */,
				7E7966DC1810823500FA85AD /* icon-small.png */,
				7E7966DD1810823500FA85AD /* icon-small@2x.png */,
				30FC414816E50CA1004E6F35 /* icon-72@2x.png */,
				308D052E1370CCF300D202BF /* icon-72.png */,
				308D052F1370CCF300D202BF /* icon.png */,
				308D05301370CCF300D202BF /* icon@2x.png */,
			);
			path = icons;
			sourceTree = "<group>";
		};
		308D05311370CCF300D202BF /* splash */ = {
			isa = PBXGroup;
			children = (
				30B4F2FD19D5E07200D9F7D8 /* Default-667h.png */,
				30B4F2FE19D5E07200D9F7D8 /* Default-736h.png */,
				30B4F2FF19D5E07200D9F7D8 /* Default-Landscape-736h.png */,
				D4A0D8751607E02300AEF8BB /* Default-568h@2x~iphone.png */,
				3088BBB7154F3926009F9C59 /* Default-Landscape@2x~ipad.png */,
				3088BBB8154F3926009F9C59 /* Default-Landscape~ipad.png */,
				3088BBB9154F3926009F9C59 /* Default-Portrait@2x~ipad.png */,
				3088BBBA154F3926009F9C59 /* Default-Portrait~ipad.png */,
				3088BBBB154F3926009F9C59 /* Default@2x~iphone.png */,
				3088BBBC154F3926009F9C59 /* Default~iphone.png */,
			);
			path = splash;
			sourceTree = "<group>";
		};
		EB87FDF11871DA420020F90C /* Staging */ = {
			isa = PBXGroup;
			children = (
				F840E1F0165FE0F500CFE078 /* config.xml */,
				301BF56E109A69640062928A /* www */,
			);
			name = Staging;
			sourceTree = "<group>";
		};
/* End PBXGroup section */

/* Begin PBXNativeTarget section */
		1D6058900D05DD3D006BFB54 /* TheMap */ = {
			isa = PBXNativeTarget;
			buildConfigurationList = 1D6058960D05DD3E006BFB54 /* Build configuration list for PBXNativeTarget "TheMap" */;
			buildPhases = (
				304B58A110DAC018002A0835 /* Copy www directory */,
				1D60588D0D05DD3D006BFB54 /* Resources */,
				1D60588E0D05DD3D006BFB54 /* Sources */,
				1D60588F0D05DD3D006BFB54 /* Frameworks */,
			);
			buildRules = (
			);
			dependencies = (
				301BF551109A68C00062928A /* PBXTargetDependency */,
			);
			name = "TheMap";
			productName = "TheMap";
			productReference = 1D6058910D05DD3D006BFB54 /* TheMap.app */;
			productType = "com.apple.product-type.application";
		};
/* End PBXNativeTarget section */

/* Begin PBXProject section */
		29B97313FDCFA39411CA2CEA /* Project object */ = {
			isa = PBXProject;
			attributes = {
				LastUpgradeCheck = 510;
			};
			buildConfigurationList = C01FCF4E08A954540054247B /* Build configuration list for PBXProject "__CLI__" */;
			compatibilityVersion = "Xcode 3.2";
			developmentRegion = English;
			hasScannedForEncodings = 1;
			knownRegions = (
				English,
				Japanese,
				French,
				German,
				en,
				es,
				de,
				se,
			);
			mainGroup = 29B97314FDCFA39411CA2CEA /* CustomTemplate */;
			projectDirPath = "";
			projectReferences = (
				{
					ProductGroup = 301BF52E109A57CC0062928A /* Products */;
					ProjectRef = 301BF52D109A57CC0062928A /* CordovaLib.xcodeproj */;
				},
			);
			projectRoot = "";
			targets = (
				1D6058900D05DD3D006BFB54 /* TheMap */,
			);
		};
/* End PBXProject section */

/* Begin PBXReferenceProxy section */
		301BF535109A57CC0062928A /* libCordova.a */ = {
			isa = PBXReferenceProxy;
			fileType = archive.ar;
			path = libCordova.a;
			remoteRef = 301BF534109A57CC0062928A /* PBXContainerItemProxy */;
			sourceTree = BUILT_PRODUCTS_DIR;
		};
/* End PBXReferenceProxy section */

/* Begin PBXResourcesBuildPhase section */
		1D60588D0D05DD3D006BFB54 /* Resources */ = {
			isa = PBXResourcesBuildPhase;
			buildActionMask = 2147483647;
			files = (
				7E7966E41810823500FA85AD /* icon-76.png in Resources */,
				7E7966DF1810823500FA85AD /* icon-40@2x.png in Resources */,
				308D05371370CCF300D202BF /* icon-72.png in Resources */,
				30B4F30119D5E07200D9F7D8 /* Default-736h.png in Resources */,
				308D05381370CCF300D202BF /* icon.png in Resources */,
				308D05391370CCF300D202BF /* icon@2x.png in Resources */,
				302D95F214D2391D003F00A1 /* MainViewController.xib in Resources */,
				7E7966E01810823500FA85AD /* icon-50.png in Resources */,
				7E7966E31810823500FA85AD /* icon-60@2x.png in Resources */,
				7E7966E61810823500FA85AD /* icon-small.png in Resources */,
				3088BBBD154F3926009F9C59 /* Default-Landscape@2x~ipad.png in Resources */,
				3088BBBE154F3926009F9C59 /* Default-Landscape~ipad.png in Resources */,
				3088BBBF154F3926009F9C59 /* Default-Portrait@2x~ipad.png in Resources */,
				7E7966E71810823500FA85AD /* icon-small@2x.png in Resources */,
				3088BBC0154F3926009F9C59 /* Default-Portrait~ipad.png in Resources */,
				30B4F30019D5E07200D9F7D8 /* Default-667h.png in Resources */,
				7E7966DE1810823500FA85AD /* icon-40.png in Resources */,
				3088BBC1154F3926009F9C59 /* Default@2x~iphone.png in Resources */,
				7E7966E21810823500FA85AD /* icon-60.png in Resources */,
				3088BBC2154F3926009F9C59 /* Default~iphone.png in Resources */,
				D4A0D8761607E02300AEF8BB /* Default-568h@2x~iphone.png in Resources */,
				30B4F30219D5E07200D9F7D8 /* Default-Landscape-736h.png in Resources */,
				30C1856619D5FC0A00212699 /* icon-60@3x.png in Resources */,
				7E7966E11810823500FA85AD /* icon-50@2x.png in Resources */,
				7E7966E51810823500FA85AD /* icon-76@2x.png in Resources */,
				30FC414916E50CA1004E6F35 /* icon-72@2x.png in Resources */,
				21AAD41A4B6940ACBC648FFF /* ELCAlbumPickerController.xib in Resources */,
				4265D5A53BA047C68C1DDBA3 /* ELCAssetPicker.xib in Resources */,
				816C0F29A89446C9B2F4CECD /* ELCAssetTablePicker.xib in Resources */,
				DE9297334F484E04A4489138 /* Overlay.png in Resources */,
				8FD546330EE54E04BBBA8D7B /* Overlay@2x.png in Resources */,
				9BBA873E10B546DCBFD498B7 /* CDVNotification.bundle in Resources */,
			);
			runOnlyForDeploymentPostprocessing = 0;
		};
/* End PBXResourcesBuildPhase section */

/* Begin PBXShellScriptBuildPhase section */
		304B58A110DAC018002A0835 /* Copy www directory */ = {
			isa = PBXShellScriptBuildPhase;
			buildActionMask = 2147483647;
			files = (
			);
			inputPaths = (
			);
			name = "Copy www directory";
			outputPaths = (
			);
			runOnlyForDeploymentPostprocessing = 0;
			shellPath = /bin/sh;
			shellScript = "NODEJS_PATH=/usr/local/bin; NVM_NODE_PATH=~/.nvm/versions/node/`nvm version 2>/dev/null`/bin; N_NODE_PATH=`find /usr/local/n/versions/node/* -maxdepth 0 -type d 2>/dev/null | tail -1`/bin; XCODE_NODE_PATH=`xcode-select --print-path`/usr/share/xcs/Node/bin; PATH=$NODEJS_PATH:$NVM_NODE_PATH:$N_NODE_PATH:$XCODE_NODE_PATH:$PATH && node cordova/lib/copy-www-build-step.js";
			showEnvVarsInLog = 0;
		};
/* End PBXShellScriptBuildPhase section */

/* Begin PBXSourcesBuildPhase section */
		1D60588E0D05DD3D006BFB54 /* Sources */ = {
			isa = PBXSourcesBuildPhase;
			buildActionMask = 2147483647;
			files = (
				1D60589B0D05DD56006BFB54 /* main.m in Sources */,
				1D3623260D0F684500981E51 /* AppDelegate.m in Sources */,
				302D95F114D2391D003F00A1 /* MainViewController.m in Sources */,
				E602A4F47B694FA7A3692377 /* IonicKeyboard.m in Sources */,
				B9229387590746AC8257AC43 /* UIWebViewExtension.m in Sources */,
				C7C3610882ED4EA6BBF3EADB /* AppDelegate+notification.m in Sources */,
				C1E94487FEDE4738AB992603 /* PushPlugin.m in Sources */,
				2653E0DAAEC4465CB6039E31 /* CDVPluginExt.m in Sources */,
				DBF470DAE6CC4CA1AFD7CF84 /* iAdPlugin.m in Sources */,
				AD2CB52FC9E3424DB2515A96 /* SOSPicker.m in Sources */,
				1A899ADADA104EA2947566D7 /* ELCAlbumPickerController.m in Sources */,
				4ADB1CFAC5FD452C808C2523 /* ELCAsset.m in Sources */,
				74A63BFBBAA54A5A9D95252E /* ELCAssetCell.m in Sources */,
				D1C5C36CA1514AD3A58B6664 /* ELCAssetTablePicker.m in Sources */,
				5384B5B31AF54395B9F9CC06 /* ELCImagePickerController.m in Sources */,
				C5ED572668374473AAA87B7D /* CDVAdMobPlugin.m in Sources */,
				A8B3EA7675C3460B8E819B53 /* AdMobMediation.m in Sources */,
				D8592061C0B54E1E90291788 /* CDVLogger.m in Sources */,
				A1A883FAC8474A6A9599927B /* CDVDevice.m in Sources */,
				1AF7FF5085E64B4AA4CD54F4 /* CDVNotification.m in Sources */,
				9CCDD50D2F21410B8CAC7F09 /* APPEmailComposer.m in Sources */,
				67D8E85AF39E44ACB5430F15 /* APPEmailComposerImpl.m in Sources */,
				AF80A6E9607C4C8E97DB188C /* CDVLocation.m in Sources */,
				AE14626A4681400CB2B967FF /* CDVGlobalization.m in Sources */,
				A43CDB3A8F5A43508CDB4D14 /* CDVInAppBrowser.m in Sources */,
				C43E0A43A97C477298431836 /* CDVSplashScreen.m in Sources */,
				116CA0891886411CA35ED2AF /* CDVViewController+SplashScreen.m in Sources */,
				B62E40F6874F4C0CABF2339D /* SocialSharing.m in Sources */,
				F887E72547354FEAA0EF2D18 /* CDVAppRate.m in Sources */,
			);
			runOnlyForDeploymentPostprocessing = 0;
		};
/* End PBXSourcesBuildPhase section */

/* Begin PBXTargetDependency section */
		301BF551109A68C00062928A /* PBXTargetDependency */ = {
			isa = PBXTargetDependency;
			name = CordovaLib;
			targetProxy = 301BF550109A68C00062928A /* PBXContainerItemProxy */;
		};
/* End PBXTargetDependency section */

/* Begin XCBuildConfiguration section */
		1D6058940D05DD3E006BFB54 /* Debug */ = {
			isa = XCBuildConfiguration;
			buildSettings = {
				ALWAYS_SEARCH_USER_PATHS = NO;
				CLANG_ENABLE_OBJC_ARC = YES;
				COPY_PHASE_STRIP = NO;
				GCC_DYNAMIC_NO_PIC = NO;
				GCC_OPTIMIZATION_LEVEL = 0;
				GCC_PRECOMPILE_PREFIX_HEADER = YES;
				GCC_PREFIX_HEADER = "TheMap/TheMap-Prefix.pch";
				GCC_THUMB_SUPPORT = NO;
				GCC_VERSION = "";
				INFOPLIST_FILE = "TheMap/TheMap-Info.plist";
				IPHONEOS_DEPLOYMENT_TARGET = 6.0;
				OTHER_LDFLAGS = (
					"-weak_framework",
					CoreFoundation,
					"-weak_framework",
					UIKit,
					"-weak_framework",
					AVFoundation,
					"-weak_framework",
					CoreMedia,
					"-weak-lSystem",
					"-ObjC",
				);
				PRODUCT_NAME = "TheMap";
				TARGETED_DEVICE_FAMILY = "1,2";
				LIBRARY_SEARCH_PATHS = (
					"$(inherited)",
					"\"$(SRCROOT)/TheMap/Plugins/cordova-plugin-extension\"",
				);
				FRAMEWORK_SEARCH_PATHS = (
					"$(inherited)",
					"\"TheMap/Plugins/cordova-plugin-admobpro\"",
				);
			};
			name = Debug;
		};
		1D6058950D05DD3E006BFB54 /* Release */ = {
			isa = XCBuildConfiguration;
			buildSettings = {
				ALWAYS_SEARCH_USER_PATHS = NO;
				CLANG_ENABLE_OBJC_ARC = YES;
				COPY_PHASE_STRIP = YES;
				GCC_PRECOMPILE_PREFIX_HEADER = YES;
				GCC_PREFIX_HEADER = "TheMap/TheMap-Prefix.pch";
				GCC_THUMB_SUPPORT = NO;
				GCC_VERSION = "";
				INFOPLIST_FILE = "TheMap/TheMap-Info.plist";
				IPHONEOS_DEPLOYMENT_TARGET = 6.0;
				OTHER_LDFLAGS = (
					"-weak_framework",
					CoreFoundation,
					"-weak_framework",
					UIKit,
					"-weak_framework",
					AVFoundation,
					"-weak_framework",
					CoreMedia,
					"-weak-lSystem",
					"-ObjC",
				);
				PRODUCT_NAME = "TheMap";
				TARGETED_DEVICE_FAMILY = "1,2";
				LIBRARY_SEARCH_PATHS = (
					"$(inherited)",
					"\"$(SRCROOT)/TheMap/Plugins/cordova-plugin-extension\"",
				);
				FRAMEWORK_SEARCH_PATHS = (
					"$(inherited)",
					"\"TheMap/Plugins/cordova-plugin-admobpro\"",
				);
			};
			name = Release;
		};
		C01FCF4F08A954540054247B /* Debug */ = {
			isa = XCBuildConfiguration;
			buildSettings = {
				CLANG_ENABLE_OBJC_ARC = YES;
				CLANG_WARN_BOOL_CONVERSION = YES;
				CLANG_WARN_CONSTANT_CONVERSION = YES;
				CLANG_WARN_EMPTY_BODY = YES;
				CLANG_WARN_ENUM_CONVERSION = YES;
				CLANG_WARN_INT_CONVERSION = YES;
				CLANG_WARN__DUPLICATE_METHOD_MATCH = YES;
				"CODE_SIGN_IDENTITY[sdk=iphoneos*]" = "iPhone Developer";
				GCC_C_LANGUAGE_STANDARD = c99;
				GCC_THUMB_SUPPORT = NO;
				GCC_VERSION = "";
				GCC_WARN_ABOUT_RETURN_TYPE = YES;
				GCC_WARN_UNDECLARED_SELECTOR = YES;
				GCC_WARN_UNINITIALIZED_AUTOS = YES;
				GCC_WARN_UNUSED_FUNCTION = YES;
				GCC_WARN_UNUSED_VARIABLE = YES;
				HEADER_SEARCH_PATHS = (
					"\"$(TARGET_BUILD_DIR)/usr/local/lib/include\"",
					"\"$(OBJROOT)/UninstalledProducts/include\"",
					"\"$(BUILT_PRODUCTS_DIR)\"",
				);
				IPHONEOS_DEPLOYMENT_TARGET = 6.0;
				ONLY_ACTIVE_ARCH = YES;
				OTHER_LDFLAGS = (
					"-weak_framework",
					CoreFoundation,
					"-weak_framework",
					UIKit,
					"-weak_framework",
					AVFoundation,
					"-weak_framework",
					CoreMedia,
					"-weak-lSystem",
					"-ObjC",
				);
				SDKROOT = iphoneos;
				SKIP_INSTALL = NO;
				USER_HEADER_SEARCH_PATHS = "";
			};
			name = Debug;
		};
		C01FCF5008A954540054247B /* Release */ = {
			isa = XCBuildConfiguration;
			buildSettings = {
				CLANG_ENABLE_OBJC_ARC = YES;
				CLANG_WARN_BOOL_CONVERSION = YES;
				CLANG_WARN_CONSTANT_CONVERSION = YES;
				CLANG_WARN_EMPTY_BODY = YES;
				CLANG_WARN_ENUM_CONVERSION = YES;
				CLANG_WARN_INT_CONVERSION = YES;
				CLANG_WARN__DUPLICATE_METHOD_MATCH = YES;
				"CODE_SIGN_IDENTITY[sdk=iphoneos*]" = "iPhone Developer";
				GCC_C_LANGUAGE_STANDARD = c99;
				GCC_THUMB_SUPPORT = NO;
				GCC_VERSION = "";
				GCC_WARN_ABOUT_RETURN_TYPE = YES;
				GCC_WARN_UNDECLARED_SELECTOR = YES;
				GCC_WARN_UNINITIALIZED_AUTOS = YES;
				GCC_WARN_UNUSED_FUNCTION = YES;
				GCC_WARN_UNUSED_VARIABLE = YES;
				HEADER_SEARCH_PATHS = (
					"\"$(TARGET_BUILD_DIR)/usr/local/lib/include\"",
					"\"$(OBJROOT)/UninstalledProducts/include\"",
					"\"$(BUILT_PRODUCTS_DIR)\"",
					"\"$(OBJROOT)/UninstalledProducts/$(PLATFORM_NAME)/include\"",
				);
				IPHONEOS_DEPLOYMENT_TARGET = 6.0;
				OTHER_LDFLAGS = (
					"-weak_framework",
					CoreFoundation,
					"-weak_framework",
					UIKit,
					"-weak_framework",
					AVFoundation,
					"-weak_framework",
					CoreMedia,
					"-weak-lSystem",
					"-ObjC",
				);
				SDKROOT = iphoneos;
				SKIP_INSTALL = NO;
				USER_HEADER_SEARCH_PATHS = "";
			};
			name = Release;
		};
/* End XCBuildConfiguration section */

/* Begin XCConfigurationList section */
		1D6058960D05DD3E006BFB54 /* Build configuration list for PBXNativeTarget "TheMap" */ = {
			isa = XCConfigurationList;
			buildConfigurations = (
				1D6058940D05DD3E006BFB54 /* Debug */,
				1D6058950D05DD3E006BFB54 /* Release */,
			);
			defaultConfigurationIsVisible = 0;
			defaultConfigurationName = Release;
		};
		C01FCF4E08A954540054247B /* Build configuration list for PBXProject "__CLI__" */ = {
			isa = XCConfigurationList;
			buildConfigurations = (
				C01FCF4F08A954540054247B /* Debug */,
				C01FCF5008A954540054247B /* Release */,
			);
			defaultConfigurationIsVisible = 0;
			defaultConfigurationName = Release;
		};
/* End XCConfigurationList section */
	};
	rootObject = 29B97313FDCFA39411CA2CEA /* Project object */;
}
